
Microsoft Visual Studio Solution File, Format Version 12.00
# Visual Studio Version 16
VisualStudioVersion = 16.0.29905.134
MinimumVisualStudioVersion = 10.0.40219.1
Project("{FAE04EC0-301F-11D3-BF4B-00C04F79EFBC}") = "netping", "netping\netping.csproj", "{38EEEAD5-4FCA-4F45-9270-249442E0706F}"
EndProject
Global
	GlobalSection(SolutionConfigurationPlatforms) = preSolution
		Debug|Any CPU = Debug|Any CPU
		Release|Any CPU = Release|Any CPU
	EndGlobalSection
	GlobalSection(ProjectConfigurationPlatforms) = postSolution
		{38EEEAD5-4FCA-4F45-9270-249442E0706F}.Debug|Any CPU.ActiveCfg = Debug|Any CPU
		{38EEEAD5-4FCA-4F45-9270-249442E0706F}.Debug|Any CPU.Build.0 = Debug|Any CPU
		{38EEEAD5-4FCA-4F45-9270-249442E0706F}.Release|Any CPU.ActiveCfg = Release|Any CPU
		{38EEEAD5-4FCA-4F45-9270-249442E0706F}.Release|Any CPU.Build.0 = Release|Any CPU
	EndGlobalSection
	GlobalSection(SolutionProperties) = preSolution
		HideSolutionNode = FALSE
	EndGlobalSection
	GlobalSection(ExtensibilityGlobals) = postSolution
		SolutionGuid = {0A314975-D469-4CC3-BE47-10447A697025}
	EndGlobalSection
EndGlobal
